// !$*UTF8*$!
{
	archiveVersion = 1;
	classes = {
	};
	objectVersion = 50;
	objects = {

/* Begin PBXBuildFile section */
		6BF1747526A5E13600ADE028 /* AppDelegate.swift in Sources */ = {isa = PBXBuildFile; fileRef = 6BF1747426A5E13600ADE028 /* AppDelegate.swift */; };
		6BF1747726A5E13600ADE028 /* SceneDelegate.swift in Sources */ = {isa = PBXBuildFile; fileRef = 6BF1747626A5E13600ADE028 /* SceneDelegate.swift */; };
		6BF1747926A5E13600ADE028 /* ViewController.swift in Sources */ = {isa = PBXBuildFile; fileRef = 6BF1747826A5E13600ADE028 /* ViewController.swift */; };
		6BF1747C26A5E13600ADE028 /* Main.storyboard in Resources */ = {isa = PBXBuildFile; fileRef = 6BF1747A26A5E13600ADE028 /* Main.storyboard */; };
		6BF1747E26A5E13800ADE028 /* Assets.xcassets in Resources */ = {isa = PBXBuildFile; fileRef = 6BF1747D26A5E13800ADE028 /* Assets.xcassets */; };
		6BF1748126A5E13800ADE028 /* LaunchScreen.storyboard in Resources */ = {isa = PBXBuildFile; fileRef = 6BF1747F26A5E13800ADE028 /* LaunchScreen.storyboard */; };
		6BF1748C26A5E13800ADE028 /* ExampleTests.swift in Sources */ = {isa = PBXBuildFile; fileRef = 6BF1748B26A5E13800ADE028 /* ExampleTests.swift */; };
		6BF1749726A5E13800ADE028 /* ExampleUITests.swift in Sources */ = {isa = PBXBuildFile; fileRef = 6BF1749626A5E13800ADE028 /* ExampleUITests.swift */; };
/* End PBXBuildFile section */

/* Begin PBXContainerItemProxy section */
		6BF1748826A5E13800ADE028 /* PBXContainerItemProxy */ = {
			isa = PBXContainerItemProxy;
			containerPortal = 6BF1746926A5E13600ADE028 /* Project object */;
			proxyType = 1;
			remoteGlobalIDString = 6BF1747026A5E13600ADE028;
			remoteInfo = Example;
		};
		6BF1749326A5E13800ADE028 /* PBXContainerItemProxy */ = {
			isa = PBXContainerItemProxy;
			containerPortal = 6BF1746926A5E13600ADE028 /* Project object */;
			proxyType = 1;
			remoteGlobalIDString = 6BF1747026A5E13600ADE028;
			remoteInfo = Example;
		};
/* End PBXContainerItemProxy section */

/* Begin PBXFileReference section */
		6BF1747126A5E13600ADE028 /* Example.app */ = {isa = PBXFileReference; explicitFileType = wrapper.application; includeInIndex = 0; path = Example.app; sourceTree = BUILT_PRODUCTS_DIR; };
		6BF1747426A5E13600ADE028 /* AppDelegate.swift */ = {isa = PBXFileReference; lastKnownFileType = sourcecode.swift; path = AppDelegate.swift; sourceTree = "<group>"; };
		6BF1747626A5E13600ADE028 /* SceneDelegate.swift */ = {isa = PBXFileReference; lastKnownFileType = sourcecode.swift; path = SceneDelegate.swift; sourceTree = "<group>"; };
		6BF1747826A5E13600ADE028 /* ViewController.swift */ = {isa = PBXFileReference; lastKnownFileType = sourcecode.swift; path = ViewController.swift; sourceTree = "<group>"; };
		6BF1747B26A5E13600ADE028 /* Base */ = {isa = PBXFileReference; lastKnownFileType = file.storyboard; name = Base; path = Base.lproj/Main.storyboard; sourceTree = "<group>"; };
		6BF1747D26A5E13800ADE028 /* Assets.xcassets */ = {isa = PBXFileReference; lastKnownFileType = folder.assetcatalog; path = Assets.xcassets; sourceTree = "<group>"; };
		6BF1748026A5E13800ADE028 /* Base */ = {isa = PBXFileReference; lastKnownFileType = file.storyboard; name = Base; path = Base.lproj/LaunchScreen.storyboard; sourceTree = "<group>"; };
		6BF1748226A5E13800ADE028 /* Info.plist */ = {isa = PBXFileReference; lastKnownFileType = text.plist.xml; path = Info.plist; sourceTree = "<group>"; };
		6BF1748726A5E13800ADE028 /* ExampleTests.xctest */ = {isa = PBXFileReference; explicitFileType = wrapper.cfbundle; includeInIndex = 0; path = ExampleTests.xctest; sourceTree = BUILT_PRODUCTS_DIR; };
		6BF1748B26A5E13800ADE028 /* ExampleTests.swift */ = {isa = PBXFileReference; lastKnownFileType = sourcecode.swift; path = ExampleTests.swift; sourceTree = "<group>"; };
		6BF1748D26A5E13800ADE028 /* Info.plist */ = {isa = PBXFileReference; lastKnownFileType = text.plist.xml; path = Info.plist; sourceTree = "<group>"; };
		6BF1749226A5E13800ADE028 /* ExampleUITests.xctest */ = {isa = PBXFileReference; explicitFileType = wrapper.cfbundle; includeInIndex = 0; path = ExampleUITests.xctest; sourceTree = BUILT_PRODUCTS_DIR; };
		6BF1749626A5E13800ADE028 /* ExampleUITests.swift */ = {isa = PBXFileReference; lastKnownFileType = sourcecode.swift; path = ExampleUITests.swift; sourceTree = "<group>"; };
		6BF1749826A5E13800ADE028 /* Info.plist */ = {isa = PBXFileReference; lastKnownFileType = text.plist.xml; path = Info.plist; sourceTree = "<group>"; };
/* End PBXFileReference section */

/* Begin PBXFrameworksBuildPhase section */
		6BF1746E26A5E13600ADE028 /* Frameworks */ = {
			isa = PBXFrameworksBuildPhase;
			buildActionMask = 2147483647;
			files = (
			);
			runOnlyForDeploymentPostprocessing = 0;
		};
		6BF1748426A5E13800ADE028 /* Frameworks */ = {
			isa = PBXFrameworksBuildPhase;
			buildActionMask = 2147483647;
			files = (
			);
			runOnlyForDeploymentPostprocessing = 0;
		};
		6BF1748F26A5E13800ADE028 /* Frameworks */ = {
			isa = PBXFrameworksBuildPhase;
			buildActionMask = 2147483647;
			files = (
			);
			runOnlyForDeploymentPostprocessing = 0;
		};
/* End PBXFrameworksBuildPhase section */

/* Begin PBXGroup section */
		6BF1746826A5E13600ADE028 = {
			isa = PBXGroup;
			children = (
				6BF1747326A5E13600ADE028 /* Example */,
				6BF1748A26A5E13800ADE028 /* ExampleTests */,
				6BF1749526A5E13800ADE028 /* ExampleUITests */,
				6BF1747226A5E13600ADE028 /* Products */,
			);
			sourceTree = "<group>";
		};
		6BF1747226A5E13600ADE028 /* Products */ = {
			isa = PBXGroup;
			children = (
				6BF1747126A5E13600ADE028 /* Example.app */,
				6BF1748726A5E13800ADE028 /* ExampleTests.xctest */,
				6BF1749226A5E13800ADE028 /* ExampleUITests.xctest */,
			);
			name = Products;
			sourceTree = "<group>";
		};
		6BF1747326A5E13600ADE028 /* Example */ = {
			isa = PBXGroup;
			children = (
				6BF1747426A5E13600ADE028 /* AppDelegate.swift */,
				6BF1747626A5E13600ADE028 /* SceneDelegate.swift */,
				6BF1747826A5E13600ADE028 /* ViewController.swift */,
				6BF1747A26A5E13600ADE028 /* Main.storyboard */,
				6BF1747D26A5E13800ADE028 /* Assets.xcassets */,
				6BF1747F26A5E13800ADE028 /* LaunchScreen.storyboard */,
				6BF1748226A5E13800ADE028 /* Info.plist */,
			);
			path = Example;
			sourceTree = "<group>";
		};
		6BF1748A26A5E13800ADE028 /* ExampleTests */ = {
			isa = PBXGroup;
			children = (
				6BF1748B26A5E13800ADE028 /* ExampleTests.swift */,
				6BF1748D26A5E13800ADE028 /* Info.plist */,
			);
			path = ExampleTests;
			sourceTree = "<group>";
		};
		6BF1749526A5E13800ADE028 /* ExampleUITests */ = {
			isa = PBXGroup;
			children = (
				6BF1749626A5E13800ADE028 /* ExampleUITests.swift */,
				6BF1749826A5E13800ADE028 /* Info.plist */,
			);
			path = ExampleUITests;
			sourceTree = "<group>";
		};
/* End PBXGroup section */

/* Begin PBXNativeTarget section */
		6BF1747026A5E13600ADE028 /* Example */ = {
			isa = PBXNativeTarget;
			buildConfigurationList = 6BF1749B26A5E13800ADE028 /* Build configuration list for PBXNativeTarget "Example" */;
			buildPhases = (
				6BF1746D26A5E13600ADE028 /* Sources */,
				6BF1746E26A5E13600ADE028 /* Frameworks */,
				6BF1746F26A5E13600ADE028 /* Resources */,
			);
			buildRules = (
			);
			dependencies = (
			);
			name = Example;
			productName = Example;
			productReference = 6BF1747126A5E13600ADE028 /* Example.app */;
			productType = "com.apple.product-type.application";
		};
		6BF1748626A5E13800ADE028 /* ExampleTests */ = {
			isa = PBXNativeTarget;
			buildConfigurationList = 6BF1749E26A5E13800ADE028 /* Build configuration list for PBXNativeTarget "ExampleTests" */;
			buildPhases = (
				6BF1748326A5E13800ADE028 /* Sources */,
				6BF1748426A5E13800ADE028 /* Frameworks */,
				6BF1748526A5E13800ADE028 /* Resources */,
			);
			buildRules = (
			);
			dependencies = (
				6BF1748926A5E13800ADE028 /* PBXTargetDependency */,
			);
			name = ExampleTests;
			productName = ExampleTests;
			productReference = 6BF1748726A5E13800ADE028 /* ExampleTests.xctest */;
			productType = "com.apple.product-type.bundle.unit-test";
		};
		6BF1749126A5E13800ADE028 /* ExampleUITests */ = {
			isa = PBXNativeTarget;
			buildConfigurationList = 6BF174A126A5E13800ADE028 /* Build configuration list for PBXNativeTarget "ExampleUITests" */;
			buildPhases = (
				6BF1748E26A5E13800ADE028 /* Sources */,
				6BF1748F26A5E13800ADE028 /* Frameworks */,
				6BF1749026A5E13800ADE028 /* Resources */,
			);
			buildRules = (
			);
			dependencies = (
				6BF1749426A5E13800ADE028 /* PBXTargetDependency */,
			);
			name = ExampleUITests;
			productName = ExampleUITests;
			productReference = 6BF1749226A5E13800ADE028 /* ExampleUITests.xctest */;
			productType = "com.apple.product-type.bundle.ui-testing";
		};
/* End PBXNativeTarget section */

/* Begin PBXProject section */
		6BF1746926A5E13600ADE028 /* Project object */ = {
			isa = PBXProject;
			attributes = {
				LastSwiftUpdateCheck = 1250;
				LastUpgradeCheck = 1250;
				TargetAttributes = {
					6BF1747026A5E13600ADE028 = {
						CreatedOnToolsVersion = 12.5.1;
					};
					6BF1748626A5E13800ADE028 = {
						CreatedOnToolsVersion = 12.5.1;
						TestTargetID = 6BF1747026A5E13600ADE028;
					};
					6BF1749126A5E13800ADE028 = {
						CreatedOnToolsVersion = 12.5.1;
						TestTargetID = 6BF1747026A5E13600ADE028;
					};
				};
			};
			buildConfigurationList = 6BF1746C26A5E13600ADE028 /* Build configuration list for PBXProject "Example" */;
			compatibilityVersion = "Xcode 9.3";
			developmentRegion = en;
			hasScannedForEncodings = 0;
			knownRegions = (
				en,
				Base,
			);
			mainGroup = 6BF1746826A5E13600ADE028;
			productRefGroup = 6BF1747226A5E13600ADE028 /* Products */;
			projectDirPath = "";
			projectRoot = "";
			targets = (
				6BF1747026A5E13600ADE028 /* Example */,
				6BF1748626A5E13800ADE028 /* ExampleTests */,
				6BF1749126A5E13800ADE028 /* ExampleUITests */,
			);
		};
/* End PBXProject section */

/* Begin PBXResourcesBuildPhase section */
		6BF1746F26A5E13600ADE028 /* Resources */ = {
			isa = PBXResourcesBuildPhase;
			buildActionMask = 2147483647;
			files = (
				6BF1748126A5E13800ADE028 /* LaunchScreen.storyboard in Resources */,
				6BF1747E26A5E13800ADE028 /* Assets.xcassets in Resources */,
				6BF1747C26A5E13600ADE028 /* Main.storyboard in Resources */,
			);
			runOnlyForDeploymentPostprocessing = 0;
		};
		6BF1748526A5E13800ADE028 /* Resources */ = {
			isa = PBXResourcesBuildPhase;
			buildActionMask = 2147483647;
			files = (
			);
			runOnlyForDeploymentPostprocessing = 0;
		};
		6BF1749026A5E13800ADE028 /* Resources */ = {
			isa = PBXResourcesBuildPhase;
			buildActionMask = 2147483647;
			files = (
			);
			runOnlyForDeploymentPostprocessing = 0;
		};
/* End PBXResourcesBuildPhase section */

/* Begin PBXSourcesBuildPhase section */
		6BF1746D26A5E13600ADE028 /* Sources */ = {
			isa = PBXSourcesBuildPhase;
			buildActionMask = 2147483647;
			files = (
				6BF1747926A5E13600ADE028 /* ViewController.swift in Sources */,
				6BF1747526A5E13600ADE028 /* AppDelegate.swift in Sources */,
				6BF1747726A5E13600ADE028 /* SceneDelegate.swift in Sources */,
			);
			runOnlyForDeploymentPostprocessing = 0;
		};
		6BF1748326A5E13800ADE028 /* Sources */ = {
			isa = PBXSourcesBuildPhase;
			buildActionMask = 2147483647;
			files = (
				6BF1748C26A5E13800ADE028 /* ExampleTests.swift in Sources */,
			);
			runOnlyForDeploymentPostprocessing = 0;
		};
		6BF1748E26A5E13800ADE028 /* Sources */ = {
			isa = PBXSourcesBuildPhase;
			buildActionMask = 2147483647;
			files = (
				6BF1749726A5E13800ADE028 /* ExampleUITests.swift in Sources */,
			);
			runOnlyForDeploymentPostprocessing = 0;
		};
/* End PBXSourcesBuildPhase section */

/* Begin PBXTargetDependency section */
		6BF1748926A5E13800ADE028 /* PBXTargetDependency */ = {
			isa = PBXTargetDependency;
			target = 6BF1747026A5E13600ADE028 /* Example */;
			targetProxy = 6BF1748826A5E13800ADE028 /* PBXContainerItemProxy */;
		};
		6BF1749426A5E13800ADE028 /* PBXTargetDependency */ = {
			isa = PBXTargetDependency;
			target = 6BF1747026A5E13600ADE028 /* Example */;
			targetProxy = 6BF1749326A5E13800ADE028 /* PBXContainerItemProxy */;
		};
/* End PBXTargetDependency section */

/* Begin PBXVariantGroup section */
		6BF1747A26A5E13600ADE028 /* Main.storyboard */ = {
			isa = PBXVariantGroup;
			children = (
				6BF1747B26A5E13600ADE028 /* Base */,
			);
			name = Main.storyboard;
			sourceTree = "<group>";
		};
		6BF1747F26A5E13800ADE028 /* LaunchScreen.storyboard */ = {
			isa = PBXVariantGroup;
			children = (
				6BF1748026A5E13800ADE028 /* Base */,
			);
			name = LaunchScreen.storyboard;
			sourceTree = "<group>";
		};
/* End PBXVariantGroup section */

/* Begin XCBuildConfiguration section */
		6BF1749926A5E13800ADE028 /* Debug */ = {
			isa = XCBuildConfiguration;
			buildSettings = {
				ALWAYS_SEARCH_USER_PATHS = NO;
				CLANG_ANALYZER_NONNULL = YES;
				CLANG_ANALYZER_NUMBER_OBJECT_CONVERSION = YES_AGGRESSIVE;
				CLANG_CXX_LANGUAGE_STANDARD = "gnu++14";
				CLANG_CXX_LIBRARY = "libc++";
				CLANG_ENABLE_MODULES = YES;
				CLANG_ENABLE_OBJC_ARC = YES;
				CLANG_ENABLE_OBJC_WEAK = YES;
				CLANG_WARN_BLOCK_CAPTURE_AUTORELEASING = YES;
				CLANG_WARN_BOOL_CONVERSION = YES;
				CLANG_WARN_COMMA = YES;
				CLANG_WARN_CONSTANT_CONVERSION = YES;
				CLANG_WARN_DEPRECATED_OBJC_IMPLEMENTATIONS = YES;
				CLANG_WARN_DIRECT_OBJC_ISA_USAGE = YES_ERROR;
				CLANG_WARN_DOCUMENTATION_COMMENTS = YES;
				CLANG_WARN_EMPTY_BODY = YES;
				CLANG_WARN_ENUM_CONVERSION = YES;
				CLANG_WARN_INFINITE_RECURSION = YES;
				CLANG_WARN_INT_CONVERSION = YES;
				CLANG_WARN_NON_LITERAL_NULL_CONVERSION = YES;
				CLANG_WARN_OBJC_IMPLICIT_RETAIN_SELF = YES;
				CLANG_WARN_OBJC_LITERAL_CONVERSION = YES;
				CLANG_WARN_OBJC_ROOT_CLASS = YES_ERROR;
				CLANG_WARN_QUOTED_INCLUDE_IN_FRAMEWORK_HEADER = YES;
				CLANG_WARN_RANGE_LOOP_ANALYSIS = YES;
				CLANG_WARN_STRICT_PROTOTYPES = YES;
				CLANG_WARN_SUSPICIOUS_MOVE = YES;
				CLANG_WARN_UNGUARDED_AVAILABILITY = YES_AGGRESSIVE;
				CLANG_WARN_UNREACHABLE_CODE = YES;
				CLANG_WARN__DUPLICATE_METHOD_MATCH = YES;
				COPY_PHASE_STRIP = NO;
				DEBUG_INFORMATION_FORMAT = dwarf;
				ENABLE_STRICT_OBJC_MSGSEND = YES;
				ENABLE_TESTABILITY = YES;
				GCC_C_LANGUAGE_STANDARD = gnu11;
				GCC_DYNAMIC_NO_PIC = NO;
				GCC_NO_COMMON_BLOCKS = YES;
				GCC_OPTIMIZATION_LEVEL = 0;
				GCC_PREPROCESSOR_DEFINITIONS = (
					"DEBUG=1",
					"$(inherited)",
				);
				GCC_WARN_64_TO_32_BIT_CONVERSION = YES;
				GCC_WARN_ABOUT_RETURN_TYPE = YES_ERROR;
				GCC_WARN_UNDECLARED_SELECTOR = YES;
				GCC_WARN_UNINITIALIZED_AUTOS = YES_AGGRESSIVE;
				GCC_WARN_UNUSED_FUNCTION = YES;
				GCC_WARN_UNUSED_VARIABLE = YES;
				IPHONEOS_DEPLOYMENT_TARGET = 14.5;
				MTL_ENABLE_DEBUG_INFO = INCLUDE_SOURCE;
				MTL_FAST_MATH = YES;
				ONLY_ACTIVE_ARCH = YES;
				SDKROOT = iphoneos;
				SWIFT_ACTIVE_COMPILATION_CONDITIONS = DEBUG;
				SWIFT_OPTIMIZATION_LEVEL = "-Onone";
			};
			name = Debug;
		};
		6BF1749A26A5E13800ADE028 /* Release */ = {
			isa = XCBuildConfiguration;
			buildSettings = {
				ALWAYS_SEARCH_USER_PATHS = NO;
				CLANG_ANALYZER_NONNULL = YES;
				CLANG_ANALYZER_NUMBER_OBJECT_CONVERSION = YES_AGGRESSIVE;
				CLANG_CXX_LANGUAGE_STANDARD = "gnu++14";
				CLANG_CXX_LIBRARY = "libc++";
				CLANG_ENABLE_MODULES = YES;
				CLANG_ENABLE_OBJC_ARC = YES;
				CLANG_ENABLE_OBJC_WEAK = YES;
				CLANG_WARN_BLOCK_CAPTURE_AUTORELEASING = YES;
				CLANG_WARN_BOOL_CONVERSION = YES;
				CLANG_WARN_COMMA = YES;
				CLANG_WARN_CONSTANT_CONVERSION = YES;
				CLANG_WARN_DEPRECATED_OBJC_IMPLEMENTATIONS = YES;
				CLANG_WARN_DIRECT_OBJC_ISA_USAGE = YES_ERROR;
				CLANG_WARN_DOCUMENTATION_COMMENTS = YES;
				CLANG_WARN_EMPTY_BODY = YES;
				CLANG_WARN_ENUM_CONVERSION = YES;
				CLANG_WARN_INFINITE_RECURSION = YES;
				CLANG_WARN_INT_CONVERSION = YES;
				CLANG_WARN_NON_LITERAL_NULL_CONVERSION = YES;
				CLANG_WARN_OBJC_IMPLICIT_RETAIN_SELF = YES;
				CLANG_WARN_OBJC_LITERAL_CONVERSION = YES;
				CLANG_WARN_OBJC_ROOT_CLASS = YES_ERROR;
				CLANG_WARN_QUOTED_INCLUDE_IN_FRAMEWORK_HEADER = YES;
				CLANG_WARN_RANGE_LOOP_ANALYSIS = YES;
				CLANG_WARN_STRICT_PROTOTYPES = YES;
				CLANG_WARN_SUSPICIOUS_MOVE = YES;
				CLANG_WARN_UNGUARDED_AVAILABILITY = YES_AGGRESSIVE;
				CLANG_WARN_UNREACHABLE_CODE = YES;
				CLANG_WARN__DUPLICATE_METHOD_MATCH = YES;
				COPY_PHASE_STRIP = NO;
				DEBUG_INFORMATION_FORMAT = "dwarf-with-dsym";
				ENABLE_NS_ASSERTIONS = NO;
				ENABLE_STRICT_OBJC_MSGSEND = YES;
				GCC_C_LANGUAGE_STANDARD = gnu11;
				GCC_NO_COMMON_BLOCKS = YES;
				GCC_WARN_64_TO_32_BIT_CONVERSION = YES;
				GCC_WARN_ABOUT_RETURN_TYPE = YES_ERROR;
				GCC_WARN_UNDECLARED_SELECTOR = YES;
				GCC_WARN_UNINITIALIZED_AUTOS = YES_AGGRESSIVE;
				GCC_WARN_UNUSED_FUNCTION = YES;
				GCC_WARN_UNUSED_VARIABLE = YES;
				IPHONEOS_DEPLOYMENT_TARGET = 14.5;
				MTL_ENABLE_DEBUG_INFO = NO;
				MTL_FAST_MATH = YES;
				SDKROOT = iphoneos;
				SWIFT_COMPILATION_MODE = wholemodule;
				SWIFT_OPTIMIZATION_LEVEL = "-O";
				VALIDATE_PRODUCT = YES;
			};
			name = Release;
		};
		6BF1749C26A5E13800ADE028 /* Debug */ = {
			isa = XCBuildConfiguration;
			buildSettings = {
				ASSETCATALOG_COMPILER_APPICON_NAME = AppIcon;
				ASSETCATALOG_COMPILER_GLOBAL_ACCENT_COLOR_NAME = AccentColor;
				CODE_SIGN_STYLE = Automatic;
				DEVELOPMENT_TEAM = 57FN2NTTLJ;
				INFOPLIST_FILE = Example/Info.plist;
				LD_RUNPATH_SEARCH_PATHS = (
					"$(inherited)",
					"@executable_path/Frameworks",
				);
				PRODUCT_BUNDLE_IDENTIFIER = com.nadyakhr.Example;
				PRODUCT_NAME = "$(TARGET_NAME)";
				SWIFT_VERSION = 5.0;
				TARGETED_DEVICE_FAMILY = "1,2";
			};
			name = Debug;
		};
		6BF1749D26A5E13800ADE028 /* Release */ = {
			isa = XCBuildConfiguration;
			buildSettings = {
				ASSETCATALOG_COMPILER_APPICON_NAME = AppIcon;
				ASSETCATALOG_COMPILER_GLOBAL_ACCENT_COLOR_NAME = AccentColor;
				CODE_SIGN_STYLE = Automatic;
				DEVELOPMENT_TEAM = 57FN2NTTLJ;
				INFOPLIST_FILE = Example/Info.plist;
				LD_RUNPATH_SEARCH_PATHS = (
					"$(inherited)",
					"@executable_path/Frameworks",
				);
				PRODUCT_BUNDLE_IDENTIFIER = com.nadyakhr.Example;
				PRODUCT_NAME = "$(TARGET_NAME)";
				SWIFT_VERSION = 5.0;
				TARGETED_DEVICE_FAMILY = "1,2";
			};
			name = Release;
		};
		6BF1749F26A5E13800ADE028 /* Debug */ = {
			isa = XCBuildConfiguration;
			buildSettings = {
				ALWAYS_EMBED_SWIFT_STANDARD_LIBRARIES = YES;
				BUNDLE_LOADER = "$(TEST_HOST)";
				CODE_SIGN_STYLE = Automatic;
				DEVELOPMENT_TEAM = 57FN2NTTLJ;
				INFOPLIST_FILE = ExampleTests/Info.plist;
				IPHONEOS_DEPLOYMENT_TARGET = 14.5;
				LD_RUNPATH_SEARCH_PATHS = (
					"$(inherited)",
					"@executable_path/Frameworks",
					"@loader_path/Frameworks",
				);
				PRODUCT_BUNDLE_IDENTIFIER = com.nadyakhr.ExampleTests;
				PRODUCT_NAME = "$(TARGET_NAME)";
				SWIFT_VERSION = 5.0;
				TARGETED_DEVICE_FAMILY = "1,2";
				TEST_HOST = "$(BUILT_PRODUCTS_DIR)/Example.app/Example";
			};
			name = Debug;
		};
		6BF174A026A5E13800ADE028 /* Release */ = {
			isa = XCBuildConfiguration;
			buildSettings = {
				ALWAYS_EMBED_SWIFT_STANDARD_LIBRARIES = YES;
				BUNDLE_LOADER = "$(TEST_HOST)";
				CODE_SIGN_STYLE = Automatic;
				DEVELOPMENT_TEAM = 57FN2NTTLJ;
				INFOPLIST_FILE = ExampleTests/Info.plist;
				IPHONEOS_DEPLOYMENT_TARGET = 14.5;
				LD_RUNPATH_SEARCH_PATHS = (
					"$(inherited)",
					"@executable_path/Frameworks",
					"@loader_path/Frameworks",
				);
				PRODUCT_BUNDLE_IDENTIFIER = com.nadyakhr.ExampleTests;
				PRODUCT_NAME = "$(TARGET_NAME)";
				SWIFT_VERSION = 5.0;
				TARGETED_DEVICE_FAMILY = "1,2";
				TEST_HOST = "$(BUILT_PRODUCTS_DIR)/Example.app/Example";
			};
			name = Release;
		};
		6BF174A226A5E13800ADE028 /* Debug */ = {
			isa = XCBuildConfiguration;
			buildSettings = {
				ALWAYS_EMBED_SWIFT_STANDARD_LIBRARIES = YES;
				CODE_SIGN_STYLE = Automatic;
				DEVELOPMENT_TEAM = 57FN2NTTLJ;
				INFOPLIST_FILE = ExampleUITests/Info.plist;
				LD_RUNPATH_SEARCH_PATHS = (
					"$(inherited)",
					"@executable_path/Frameworks",
					"@loader_path/Frameworks",
				);
				PRODUCT_BUNDLE_IDENTIFIER = com.nadyakhr.ExampleUITests;
				PRODUCT_NAME = "$(TARGET_NAME)";
				SWIFT_VERSION = 5.0;
				TARGETED_DEVICE_FAMILY = "1,2";
				TEST_TARGET_NAME = Example;
			};
			name = Debug;
		};
		6BF174A326A5E13800ADE028 /* Release */ = {
			isa = XCBuildConfiguration;
			buildSettings = {
				ALWAYS_EMBED_SWIFT_STANDARD_LIBRARIES = YES;
				CODE_SIGN_STYLE = Automatic;
				DEVELOPMENT_TEAM = 57FN2NTTLJ;
				INFOPLIST_FILE = ExampleUITests/Info.plist;
				LD_RUNPATH_SEARCH_PATHS = (
					"$(inherited)",
					"@executable_path/Frameworks",
					"@loader_path/Frameworks",
				);
				PRODUCT_BUNDLE_IDENTIFIER = com.nadyakhr.ExampleUITests;
				PRODUCT_NAME = "$(TARGET_NAME)";
				SWIFT_VERSION = 5.0;
				TARGETED_DEVICE_FAMILY = "1,2";
				TEST_TARGET_NAME = Example;
			};
			name = Release;
		};
/* End XCBuildConfiguration section */

/* Begin XCConfigurationList section */
		6BF1746C26A5E13600ADE028 /* Build configuration list for PBXProject "Example" */ = {
			isa = XCConfigurationList;
			buildConfigurations = (
				6BF1749926A5E13800ADE028 /* Debug */,
				6BF1749A26A5E13800ADE028 /* Release */,
			);
			defaultConfigurationIsVisible = 0;
			defaultConfigurationName = Release;
		};
		6BF1749B26A5E13800ADE028 /* Build configuration list for PBXNativeTarget "Example" */ = {
			isa = XCConfigurationList;
			buildConfigurations = (
				6BF1749C26A5E13800ADE028 /* Debug */,
				6BF1749D26A5E13800ADE028 /* Release */,
			);
			defaultConfigurationIsVisible = 0;
			defaultConfigurationName = Release;
		};
		6BF1749E26A5E13800ADE028 /* Build configuration list for PBXNativeTarget "ExampleTests" */ = {
			isa = XCConfigurationList;
			buildConfigurations = (
				6BF1749F26A5E13800ADE028 /* Debug */,
				6BF174A026A5E13800ADE028 /* Release */,
			);
			defaultConfigurationIsVisible = 0;
			defaultConfigurationName = Release;
		};
		6BF174A126A5E13800ADE028 /* Build configuration list for PBXNativeTarget "ExampleUITests" */ = {
			isa = XCConfigurationList;
			buildConfigurations = (
				6BF174A226A5E13800ADE028 /* Debug */,
				6BF174A326A5E13800ADE028 /* Release */,
			);
			defaultConfigurationIsVisible = 0;
			defaultConfigurationName = Release;
		};
/* End XCConfigurationList section */
	};
	rootObject = 6BF1746926A5E13600ADE028 /* Project object */;
}
